
Microsoft Visual Studio Solution File, Format Version 12.00
# Visual Studio Version 17
VisualStudioVersion = 17.7.34202.233
MinimumVisualStudioVersion = 10.0.40219.1
Project("{FAE04EC0-301F-11D3-BF4B-00C04F79EFBC}") = "SupermarkerWEB", "SupermarkerWEB.csproj", "{0EA4FE51-33A3-4B6A-958E-53EEC98C46BC}"
EndProject
Global
	GlobalSection(SolutionConfigurationPlatforms) = preSolution
		Debug|Any CPU = Debug|Any CPU
		Release|Any CPU = Release|Any CPU
	EndGlobalSection
	GlobalSection(ProjectConfigurationPlatforms) = postSolution
		{0EA4FE51-33A3-4B6A-958E-53EEC98C46BC}.Debug|Any CPU.ActiveCfg = Debug|Any CPU
		{0EA4FE51-33A3-4B6A-958E-53EEC98C46BC}.Debug|Any CPU.Build.0 = Debug|Any CPU
		{0EA4FE51-33A3-4B6A-958E-53EEC98C46BC}.Release|Any CPU.ActiveCfg = Release|Any CPU
		{0EA4FE51-33A3-4B6A-958E-53EEC98C46BC}.Release|Any CPU.Build.0 = Release|Any CPU
	EndGlobalSection
	GlobalSection(SolutionProperties) = preSolution
		HideSolutionNode = FALSE
	EndGlobalSection
	GlobalSection(ExtensibilityGlobals) = postSolution
		SolutionGuid = {F91358D3-4ADB-49BF-8532-EC525087024B}
	EndGlobalSection
EndGlobal
